// !$*UTF8*$!
{
	archiveVersion = 1;
	classes = {
	};
	objectVersion = 44;
	objects = {

/* Begin PBXBuildFile section */
		3C42E49B0D6502C0004F35FD /* FlickrPlugIn.m in Sources */ = {isa = PBXBuildFile; fileRef = 3C42E49A0D6502C0004F35FD /* FlickrPlugIn.m */; };
		3C42E4A00D6502CD004F35FD /* FlickrPlugIn.css in Resources */ = {isa = PBXBuildFile; fileRef = 3C42E49D0D6502CD004F35FD /* FlickrPlugIn.css */; };
		3C42E4A10D6502CD004F35FD /* Template.html in Resources */ = {isa = PBXBuildFile; fileRef = 3C42E49E0D6502CD004F35FD /* Template.html */; };
		3C42E4A80D6502D7004F35FD /* Localizable.strings in Resources */ = {isa = PBXBuildFile; fileRef = 3C42E4A50D6502D7004F35FD /* Localizable.strings */; };
		3C5ACD93119226DE00A644AB /* FlickrInspector.m in Sources */ = {isa = PBXBuildFile; fileRef = 3C5ACD92119226DE00A644AB /* FlickrInspector.m */; };
		3C5D6F6212A4359700AAAB18 /* Inspector.xib in Resources */ = {isa = PBXBuildFile; fileRef = 3C5D6F6012A4359700AAAB18 /* Inspector.xib */; };
		8D5B49B0048680CD000E48DA /* InfoPlist.strings in Resources */ = {isa = PBXBuildFile; fileRef = 089C167DFE841241C02AAC07 /* InfoPlist.strings */; };
		8D5B49B4048680CD000E48DA /* Cocoa.framework in Frameworks */ = {isa = PBXBuildFile; fileRef = 1058C7ADFEA557BF11CA2CBB /* Cocoa.framework */; };
		CE28032012432D5C00B00F3D /* toolbar_flickr.tiff in Resources */ = {isa = PBXBuildFile; fileRef = CE28031F12432D5C00B00F3D /* toolbar_flickr.tiff */; };
/* End PBXBuildFile section */

/* Begin PBXFileReference section */
		089C1672FE841209C02AAC07 /* Foundation.framework */ = {isa = PBXFileReference; lastKnownFileType = wrapper.framework; name = Foundation.framework; path = /System/Library/Frameworks/Foundation.framework; sourceTree = "<absolute>"; };
		089C167FFE841241C02AAC07 /* AppKit.framework */ = {isa = PBXFileReference; lastKnownFileType = wrapper.framework; name = AppKit.framework; path = /System/Library/Frameworks/AppKit.framework; sourceTree = "<absolute>"; };
		1058C7ADFEA557BF11CA2CBB /* Cocoa.framework */ = {isa = PBXFileReference; lastKnownFileType = wrapper.framework; name = Cocoa.framework; path = /System/Library/Frameworks/Cocoa.framework; sourceTree = "<absolute>"; };
		32DBCF630370AF2F00C91783 /* FlickrElement_Prefix.pch */ = {isa = PBXFileReference; fileEncoding = 4; lastKnownFileType = sourcecode.c.h; path = FlickrElement_Prefix.pch; sourceTree = "<group>"; };
		3C42E4990D6502C0004F35FD /* FlickrPlugIn.h */ = {isa = PBXFileReference; fileEncoding = 4; lastKnownFileType = sourcecode.c.h; path = FlickrPlugIn.h; sourceTree = "<group>"; };
		3C42E49A0D6502C0004F35FD /* FlickrPlugIn.m */ = {isa = PBXFileReference; fileEncoding = 4; lastKnownFileType = sourcecode.c.objc; path = FlickrPlugIn.m; sourceTree = "<group>"; };
		3C42E49D0D6502CD004F35FD /* FlickrPlugIn.css */ = {isa = PBXFileReference; fileEncoding = 4; lastKnownFileType = text.css; path = FlickrPlugIn.css; sourceTree = "<group>"; };
		3C42E49E0D6502CD004F35FD /* Template.html */ = {isa = PBXFileReference; fileEncoding = 4; lastKnownFileType = text.html; path = Template.html; sourceTree = "<group>"; };
		3C42E4A40D6502D7004F35FD /* en */ = {isa = PBXFileReference; fileEncoding = 10; lastKnownFileType = text.plist.strings; lineEnding = 0; name = en; path = en.lproj/InfoPlist.strings; sourceTree = "<group>"; };
		3C42E4A60D6502D7004F35FD /* en */ = {isa = PBXFileReference; fileEncoding = 10; lastKnownFileType = text.plist.strings; lineEnding = 0; name = en; path = en.lproj/Localizable.strings; sourceTree = "<group>"; };
		3C5ACD91119226DE00A644AB /* FlickrInspector.h */ = {isa = PBXFileReference; fileEncoding = 4; lastKnownFileType = sourcecode.c.h; path = FlickrInspector.h; sourceTree = "<group>"; };
		3C5ACD92119226DE00A644AB /* FlickrInspector.m */ = {isa = PBXFileReference; fileEncoding = 4; lastKnownFileType = sourcecode.c.objc; path = FlickrInspector.m; sourceTree = "<group>"; };
		3C5D6F6112A4359700AAAB18 /* en */ = {isa = PBXFileReference; lastKnownFileType = file.xib; name = en; path = en.lproj/Inspector.xib; sourceTree = "<group>"; };
		8D5B49B6048680CD000E48DA /* Flickr.svxElement */ = {isa = PBXFileReference; explicitFileType = wrapper.cfbundle; includeInIndex = 0; path = Flickr.svxElement; sourceTree = BUILT_PRODUCTS_DIR; };
		8D5B49B7048680CD000E48DA /* Info.plist */ = {isa = PBXFileReference; fileEncoding = 4; lastKnownFileType = text.plist.xml; path = Info.plist; sourceTree = "<group>"; };
		CE28031F12432D5C00B00F3D /* toolbar_flickr.tiff */ = {isa = PBXFileReference; lastKnownFileType = image.tiff; path = toolbar_flickr.tiff; sourceTree = "<group>"; };
		D2F7E65807B2D6F200F64583 /* CoreData.framework */ = {isa = PBXFileReference; lastKnownFileType = wrapper.framework; name = CoreData.framework; path = /System/Library/Frameworks/CoreData.framework; sourceTree = "<absolute>"; };
/* End PBXFileReference section */

/* Begin PBXFrameworksBuildPhase section */
		8D5B49B3048680CD000E48DA /* Frameworks */ = {
			isa = PBXFrameworksBuildPhase;
			buildActionMask = 2147483647;
			files = (
				8D5B49B4048680CD000E48DA /* Cocoa.framework in Frameworks */,
			);
			runOnlyForDeploymentPostprocessing = 0;
		};
/* End PBXFrameworksBuildPhase section */

/* Begin PBXGroup section */
		089C166AFE841209C02AAC07 /* FlickrElement */ = {
			isa = PBXGroup;
			children = (
				08FB77AFFE84173DC02AAC07 /* Classes */,
				32C88E010371C26100C91783 /* Other Sources */,
				089C167CFE841241C02AAC07 /* Resources */,
				089C1671FE841209C02AAC07 /* Frameworks and Libraries */,
				19C28FB8FE9D52D311CA2CBB /* Products */,
			);
			name = FlickrElement;
			sourceTree = "<group>";
		};
		089C1671FE841209C02AAC07 /* Frameworks and Libraries */ = {
			isa = PBXGroup;
			children = (
				1058C7ACFEA557BF11CA2CBB /* Linked Frameworks */,
				1058C7AEFEA557BF11CA2CBB /* Other Frameworks */,
			);
			name = "Frameworks and Libraries";
			sourceTree = "<group>";
		};
		089C167CFE841241C02AAC07 /* Resources */ = {
			isa = PBXGroup;
			children = (
				3C5D6F6012A4359700AAAB18 /* Inspector.xib */,
				CE28031F12432D5C00B00F3D /* toolbar_flickr.tiff */,
				8D5B49B7048680CD000E48DA /* Info.plist */,
				3C42E49E0D6502CD004F35FD /* Template.html */,
				3C42E49D0D6502CD004F35FD /* FlickrPlugIn.css */,
				089C167DFE841241C02AAC07 /* InfoPlist.strings */,
				3C42E4A50D6502D7004F35FD /* Localizable.strings */,
			);
			name = Resources;
			sourceTree = "<group>";
		};
		08FB77AFFE84173DC02AAC07 /* Classes */ = {
			isa = PBXGroup;
			children = (
				3C42E4990D6502C0004F35FD /* FlickrPlugIn.h */,
				3C42E49A0D6502C0004F35FD /* FlickrPlugIn.m */,
				3C5ACD91119226DE00A644AB /* FlickrInspector.h */,
				3C5ACD92119226DE00A644AB /* FlickrInspector.m */,
			);
			name = Classes;
			sourceTree = "<group>";
		};
		1058C7ACFEA557BF11CA2CBB /* Linked Frameworks */ = {
			isa = PBXGroup;
			children = (
				1058C7ADFEA557BF11CA2CBB /* Cocoa.framework */,
			);
			name = "Linked Frameworks";
			sourceTree = "<group>";
		};
		1058C7AEFEA557BF11CA2CBB /* Other Frameworks */ = {
			isa = PBXGroup;
			children = (
				089C167FFE841241C02AAC07 /* AppKit.framework */,
				D2F7E65807B2D6F200F64583 /* CoreData.framework */,
				089C1672FE841209C02AAC07 /* Foundation.framework */,
			);
			name = "Other Frameworks";
			sourceTree = "<group>";
		};
		19C28FB8FE9D52D311CA2CBB /* Products */ = {
			isa = PBXGroup;
			children = (
				8D5B49B6048680CD000E48DA /* Flickr.svxElement */,
			);
			name = Products;
			sourceTree = "<group>";
		};
		32C88E010371C26100C91783 /* Other Sources */ = {
			isa = PBXGroup;
			children = (
				32DBCF630370AF2F00C91783 /* FlickrElement_Prefix.pch */,
			);
			name = "Other Sources";
			sourceTree = "<group>";
		};
/* End PBXGroup section */

/* Begin PBXNativeTarget section */
		8D5B49AC048680CD000E48DA /* FlickrElement */ = {
			isa = PBXNativeTarget;
			buildConfigurationList = 1DEB913A08733D840010E9CD /* Build configuration list for PBXNativeTarget "FlickrElement" */;
			buildPhases = (
				8D5B49B1048680CD000E48DA /* Sources */,
				8D5B49B3048680CD000E48DA /* Frameworks */,
				3C42E4E40D650379004F35FD /* Generate Localizable.strings */,
				8D5B49AF048680CD000E48DA /* Resources */,
			);
			buildRules = (
			);
			dependencies = (
			);
			name = FlickrElement;
			productInstallPath = "$(HOME)/Library/Bundles";
			productName = FlickrElement;
			productReference = 8D5B49B6048680CD000E48DA /* Flickr.svxElement */;
			productType = "com.apple.product-type.bundle";
		};
/* End PBXNativeTarget section */

/* Begin PBXProject section */
		089C1669FE841209C02AAC07 /* Project object */ = {
			isa = PBXProject;
			buildConfigurationList = 1DEB913E08733D840010E9CD /* Build configuration list for PBXProject "FlickrElement" */;
			compatibilityVersion = "Xcode 3.0";
			developmentRegion = en;
			hasScannedForEncodings = 1;
			knownRegions = (
				en,
				da,
				de,
				fr,
				it,
				ja,
				zh_CN,
				zh_TW,
			);
			mainGroup = 089C166AFE841209C02AAC07 /* FlickrElement */;
			projectDirPath = "";
			projectRoot = "";
			targets = (
				8D5B49AC048680CD000E48DA /* FlickrElement */,
			);
		};
/* End PBXProject section */

/* Begin PBXResourcesBuildPhase section */
		8D5B49AF048680CD000E48DA /* Resources */ = {
			isa = PBXResourcesBuildPhase;
			buildActionMask = 2147483647;
			files = (
				8D5B49B0048680CD000E48DA /* InfoPlist.strings in Resources */,
				3C42E4A00D6502CD004F35FD /* FlickrPlugIn.css in Resources */,
				3C42E4A10D6502CD004F35FD /* Template.html in Resources */,
				3C42E4A80D6502D7004F35FD /* Localizable.strings in Resources */,
				CE28032012432D5C00B00F3D /* toolbar_flickr.tiff in Resources */,
				3C5D6F6212A4359700AAAB18 /* Inspector.xib in Resources */,
			);
			runOnlyForDeploymentPostprocessing = 0;
		};
/* End PBXResourcesBuildPhase section */

/* Begin PBXShellScriptBuildPhase section */
		3C42E4E40D650379004F35FD /* Generate Localizable.strings */ = {
			isa = PBXShellScriptBuildPhase;
			buildActionMask = 8;
			files = (
			);
			inputPaths = (
			);
			name = "Generate Localizable.strings";
			outputPaths = (
			);
			runOnlyForDeploymentPostprocessing = 1;
			shellPath = /bin/sh;
			shellScript = "echo \"Generating Localizable.strings ...\"\n\ncd ${SRCROOT}\ngenstrings -littleEndian -q -u -s LocalizedStringInThisBundle -o en.lproj *.m\n\n";
			showEnvVarsInLog = 0;
		};
/* End PBXShellScriptBuildPhase section */

/* Begin PBXSourcesBuildPhase section */
		8D5B49B1048680CD000E48DA /* Sources */ = {
			isa = PBXSourcesBuildPhase;
			buildActionMask = 2147483647;
			files = (
				3C42E49B0D6502C0004F35FD /* FlickrPlugIn.m in Sources */,
				3C5ACD93119226DE00A644AB /* FlickrInspector.m in Sources */,
			);
			runOnlyForDeploymentPostprocessing = 0;
		};
/* End PBXSourcesBuildPhase section */

/* Begin PBXVariantGroup section */
		089C167DFE841241C02AAC07 /* InfoPlist.strings */ = {
			isa = PBXVariantGroup;
			children = (
				3C42E4A40D6502D7004F35FD /* en */,
			);
			name = InfoPlist.strings;
			sourceTree = "<group>";
		};
		3C42E4A50D6502D7004F35FD /* Localizable.strings */ = {
			isa = PBXVariantGroup;
			children = (
				3C42E4A60D6502D7004F35FD /* en */,
			);
			name = Localizable.strings;
			sourceTree = "<group>";
		};
		3C5D6F6012A4359700AAAB18 /* Inspector.xib */ = {
			isa = PBXVariantGroup;
			children = (
				3C5D6F6112A4359700AAAB18 /* en */,
			);
			name = Inspector.xib;
			sourceTree = "<group>";
		};
/* End PBXVariantGroup section */

/* Begin XCBuildConfiguration section */
		1DEB913B08733D840010E9CD /* Debug */ = {
			isa = XCBuildConfiguration;
			buildSettings = {
				BUNDLE_LOADER = /Applications/Sandvox.app/Contents/MacOS/Sandvox;
				HEADER_SEARCH_PATHS = /Applications/Sandvox.app/Contents/Headers;
				INFOPLIST_FILE = Info.plist;
				PRODUCT_NAME = Flickr;
				VALID_ARCHS = "i386 ppc ppc64 ppc7400 ppc970";
				WRAPPER_EXTENSION = svxElement;
			};
			name = Debug;
		};
		1DEB913C08733D840010E9CD /* Release */ = {
			isa = XCBuildConfiguration;
			buildSettings = {
				BUNDLE_LOADER = /Applications/Sandvox.app/Contents/MacOS/Sandvox;
				HEADER_SEARCH_PATHS = /Applications/Sandvox.app/Contents/Headers;
				INFOPLIST_FILE = Info.plist;
				PRODUCT_NAME = Flickr;
				VALID_ARCHS = "i386 ppc ppc64 ppc7400 ppc970";
				WRAPPER_EXTENSION = svxElement;
			};
			name = Release;
		};
		1DEB913F08733D840010E9CD /* Debug */ = {
			isa = XCBuildConfiguration;
			buildSettings = {
				GCC_WARN_ABOUT_RETURN_TYPE = YES;
				GCC_WARN_UNUSED_VARIABLE = YES;
				PREBINDING = NO;
				SDKROOT = "$(DEVELOPER_SDK_DIR)/MacOSX10.5.sdk";
			};
			name = Debug;
		};
		1DEB914008733D840010E9CD /* Release */ = {
			isa = XCBuildConfiguration;
			buildSettings = {
				ARCHS = (
					ppc,
					i386,
				);
				GCC_WARN_ABOUT_RETURN_TYPE = YES;
				GCC_WARN_UNUSED_VARIABLE = YES;
				PREBINDING = NO;
				SDKROOT = "$(DEVELOPER_SDK_DIR)/MacOSX10.5.sdk";
			};
			name = Release;
		};
/* End XCBuildConfiguration section */

/* Begin XCConfigurationList section */
		1DEB913A08733D840010E9CD /* Build configuration list for PBXNativeTarget "FlickrElement" */ = {
			isa = XCConfigurationList;
			buildConfigurations = (
				1DEB913B08733D840010E9CD /* Debug */,
				1DEB913C08733D840010E9CD /* Release */,
			);
			defaultConfigurationIsVisible = 0;
			defaultConfigurationName = Release;
		};
		1DEB913E08733D840010E9CD /* Build configuration list for PBXProject "FlickrElement" */ = {
			isa = XCConfigurationList;
			buildConfigurations = (
				1DEB913F08733D840010E9CD /* Debug */,
				1DEB914008733D840010E9CD /* Release */,
			);
			defaultConfigurationIsVisible = 0;
			defaultConfigurationName = Release;
		};
/* End XCConfigurationList section */
	};
	rootObject = 089C1669FE841209C02AAC07 /* Project object */;
}
